
Microsoft Visual Studio Solution File, Format Version 12.00
# Visual Studio 15
VisualStudioVersion = 15.0.27428.1
MinimumVisualStudioVersion = 10.0.40219.1
Project("{8BC9CEB8-8B4A-11D0-8D11-00A0C91BC942}") = "Mum's Grocery List", "Mum's Grocery List\Mum's Grocery List.vcxproj", "{99D2BA48-1EAE-4D24-92E1-D5AE5170A394}"
EndProject
Global
	GlobalSection(SolutionConfigurationPlatforms) = preSolution
		Debug|x64 = Debug|x64
		Debug|x86 = Debug|x86
		Release|x64 = Release|x64
		Release|x86 = Release|x86
	EndGlobalSection
	GlobalSection(ProjectConfigurationPlatforms) = postSolution
		{99D2BA48-1EAE-4D24-92E1-D5AE5170A394}.Debug|x64.ActiveCfg = Debug|x64
		{99D2BA48-1EAE-4D24-92E1-D5AE5170A394}.Debug|x64.Build.0 = Debug|x64
		{99D2BA48-1EAE-4D24-92E1-D5AE5170A394}.Debug|x86.ActiveCfg = Debug|Win32
		{99D2BA48-1EAE-4D24-92E1-D5AE5170A394}.Debug|x86.Build.0 = Debug|Win32
		{99D2BA48-1EAE-4D24-92E1-D5AE5170A394}.Release|x64.ActiveCfg = Release|x64
		{99D2BA48-1EAE-4D24-92E1-D5AE5170A394}.Release|x64.Build.0 = Release|x64
		{99D2BA48-1EAE-4D24-92E1-D5AE5170A394}.Release|x86.ActiveCfg = Release|Win32
		{99D2BA48-1EAE-4D24-92E1-D5AE5170A394}.Release|x86.Build.0 = Release|Win32
	EndGlobalSection
	GlobalSection(SolutionProperties) = preSolution
		HideSolutionNode = FALSE
	EndGlobalSection
	GlobalSection(ExtensibilityGlobals) = postSolution
		SolutionGuid = {D4D7830E-361C-4B86-BC91-F3DEC9F34A14}
	EndGlobalSection
EndGlobal
